Microsoft Visual Studio Solution File, Format Version 12.00
# Visual Studio 14
VisualStudioVersion = 14.0.25420.1
MinimumVisualStudioVersion = 10.0.40219.1
Project("{8BC9CEB8-8B4A-11D0-8D11-00A0C91BC942}") = "browser", "source\browser\browser.vcxproj", "{554BC635-00CF-339D-9576-2A1C3F30AA6D}"
EndProject
Project("{8BC9CEB8-8B4A-11D0-8D11-00A0C91BC942}") = "server", "source\server\server.vcxproj", "{D2744EEB-D290-3E90-A19A-67F7FE9DA0C7}"
EndProject
Project("{2150E333-8FDC-42A3-9474-1A3956D46DE8}") = "common", "common", "{B0AFD9EF-29A4-473C-970B-F645785C729E}"
	ProjectSection(SolutionItems) = preProject
		source\common\common.cpp = source\common\common.cpp
		source\common\common.h = source\common\common.h
	EndProjectSection
EndProject
Global
	GlobalSection(SolutionConfigurationPlatforms) = preSolution
		Debug|x64 = Debug|x64
		Release|x64 = Release|x64
	EndGlobalSection
	GlobalSection(ProjectConfigurationPlatforms) = postSolution
		{554BC635-00CF-339D-9576-2A1C3F30AA6D}.Debug|x64.ActiveCfg = Debug|x64
		{554BC635-00CF-339D-9576-2A1C3F30AA6D}.Debug|x64.Build.0 = Debug|x64
		{554BC635-00CF-339D-9576-2A1C3F30AA6D}.Release|x64.ActiveCfg = Release|x64
		{554BC635-00CF-339D-9576-2A1C3F30AA6D}.Release|x64.Build.0 = Release|x64
		{D2744EEB-D290-3E90-A19A-67F7FE9DA0C7}.Debug|x64.ActiveCfg = Debug|x64
		{D2744EEB-D290-3E90-A19A-67F7FE9DA0C7}.Debug|x64.Build.0 = Debug|x64
		{D2744EEB-D290-3E90-A19A-67F7FE9DA0C7}.Release|x64.ActiveCfg = Release|x64
		{D2744EEB-D290-3E90-A19A-67F7FE9DA0C7}.Release|x64.Build.0 = Release|x64
	EndGlobalSection
	GlobalSection(SolutionProperties) = preSolution
		HideSolutionNode = FALSE
	EndGlobalSection
	GlobalSection(ExtensibilityGlobals) = postSolution
		Qt5Version = msvc2015_64
	EndGlobalSection
EndGlobal
